
Microsoft Visual Studio Solution File, Format Version 12.00
# Visual Studio Version 17
VisualStudioVersion = 17.0.32112.339
MinimumVisualStudioVersion = 10.0.40219.1
Project("{FAE04EC0-301F-11D3-BF4B-00C04F79EFBC}") = "TestSerialCom", "TestSerialCom\TestSerialCom.csproj", "{14A5F917-9FCD-4D0E-B859-D1F8480BDE0C}"
EndProject
Global
	GlobalSection(SolutionConfigurationPlatforms) = preSolution
		Debug|Any CPU = Debug|Any CPU
		Release|Any CPU = Release|Any CPU
	EndGlobalSection
	GlobalSection(ProjectConfigurationPlatforms) = postSolution
		{14A5F917-9FCD-4D0E-B859-D1F8480BDE0C}.Debug|Any CPU.ActiveCfg = Debug|Any CPU
		{14A5F917-9FCD-4D0E-B859-D1F8480BDE0C}.Debug|Any CPU.Build.0 = Debug|Any CPU
		{14A5F917-9FCD-4D0E-B859-D1F8480BDE0C}.Release|Any CPU.ActiveCfg = Release|Any CPU
		{14A5F917-9FCD-4D0E-B859-D1F8480BDE0C}.Release|Any CPU.Build.0 = Release|Any CPU
	EndGlobalSection
	GlobalSection(SolutionProperties) = preSolution
		HideSolutionNode = FALSE
	EndGlobalSection
	GlobalSection(ExtensibilityGlobals) = postSolution
		SolutionGuid = {9F68738B-0F96-49F5-B9F6-570591E8A373}
	EndGlobalSection
EndGlobal
